
Microsoft Visual Studio Solution File, Format Version 12.00
# Visual Studio 2012
Project("{F184B08F-C81C-45F6-A57F-5ABD9991F28F}") = "VoltageHistogram", "VoltageHistogram.vbproj", "{176B9310-C185-408C-87A9-89676FE59C1B}"
EndProject
Global
	GlobalSection(SolutionConfigurationPlatforms) = preSolution
		Debug|Any CPU = Debug|Any CPU
		Release|Any CPU = Release|Any CPU
	EndGlobalSection
	GlobalSection(ProjectConfigurationPlatforms) = postSolution
		{176B9310-C185-408C-87A9-89676FE59C1B}.Debug|Any CPU.ActiveCfg = Debug|Any CPU
		{176B9310-C185-408C-87A9-89676FE59C1B}.Debug|Any CPU.Build.0 = Debug|Any CPU
		{176B9310-C185-408C-87A9-89676FE59C1B}.Release|Any CPU.ActiveCfg = Release|Any CPU
		{176B9310-C185-408C-87A9-89676FE59C1B}.Release|Any CPU.Build.0 = Release|Any CPU
	EndGlobalSection
	GlobalSection(SolutionProperties) = preSolution
		HideSolutionNode = FALSE
	EndGlobalSection
EndGlobal
