Microsoft Visual Studio Solution File, Format Version 12.00
# Visual Studio 2012
Project("{FAE04EC0-301F-11D3-BF4B-00C04F79EFBC}") = "TimeHistogram", "TimeHistogram.csproj", "{37DCD8D1-81D6-4141-AAE8-6227753FFEDA}"
EndProject
Global
	GlobalSection(SolutionConfigurationPlatforms) = preSolution
		Debug|Any CPU = Debug|Any CPU
		Release|Any CPU = Release|Any CPU
	EndGlobalSection
	GlobalSection(ProjectConfigurationPlatforms) = postSolution
		{37DCD8D1-81D6-4141-AAE8-6227753FFEDA}.Debug|Any CPU.ActiveCfg = Debug|Any CPU
		{37DCD8D1-81D6-4141-AAE8-6227753FFEDA}.Debug|Any CPU.Build.0 = Debug|Any CPU
		{37DCD8D1-81D6-4141-AAE8-6227753FFEDA}.Release|Any CPU.ActiveCfg = Release|Any CPU
		{37DCD8D1-81D6-4141-AAE8-6227753FFEDA}.Release|Any CPU.Build.0 = Release|Any CPU
	EndGlobalSection
	GlobalSection(SolutionProperties) = preSolution
		HideSolutionNode = FALSE
	EndGlobalSection
EndGlobal
