
Microsoft Visual Studio Solution File, Format Version 11.00
# Visual Studio 2010
Project("{FAE04EC0-301F-11D3-BF4B-00C04F79EFBC}") = "RFmxSpecAnZeroSpan.2010", "RFmxSpecAnZeroSpan.2010.csproj", "{AE55F941-099A-4E7F-84F9-6FBAF41C6EF1}"
EndProject
Global
	GlobalSection(SolutionConfigurationPlatforms) = preSolution
		Debug|Any CPU = Debug|Any CPU
		Debug|x64 = Debug|x64
		Release|Any CPU = Release|Any CPU
		Release|x64 = Release|x64
	EndGlobalSection
	GlobalSection(ProjectConfigurationPlatforms) = postSolution
		{AE55F941-099A-4E7F-84F9-6FBAF41C6EF1}.Debug|Any CPU.ActiveCfg = Debug|Any CPU
		{AE55F941-099A-4E7F-84F9-6FBAF41C6EF1}.Debug|Any CPU.Build.0 = Debug|Any CPU
		{AE55F941-099A-4E7F-84F9-6FBAF41C6EF1}.Debug|x64.ActiveCfg = Debug|x64
		{AE55F941-099A-4E7F-84F9-6FBAF41C6EF1}.Debug|x64.Build.0 = Debug|x64
		{AE55F941-099A-4E7F-84F9-6FBAF41C6EF1}.Release|Any CPU.ActiveCfg = Release|Any CPU
		{AE55F941-099A-4E7F-84F9-6FBAF41C6EF1}.Release|Any CPU.Build.0 = Release|Any CPU
		{AE55F941-099A-4E7F-84F9-6FBAF41C6EF1}.Release|x64.ActiveCfg = Release|x64
		{AE55F941-099A-4E7F-84F9-6FBAF41C6EF1}.Release|x64.Build.0 = Release|x64
	EndGlobalSection
	GlobalSection(SolutionProperties) = preSolution
		HideSolutionNode = FALSE
	EndGlobalSection
EndGlobal
