Microsoft Visual Studio Solution File, Format Version 11.00
# Visual Studio 2010
Project("{FAE04EC0-301F-11D3-BF4B-00C04F79EFBC}") = "DigitalFiltering", "DigitalFiltering.csproj", "{EC5868F3-8552-4911-B257-E351FAA3B097}"
EndProject
Global
	GlobalSection(SolutionConfigurationPlatforms) = preSolution
		Debug|Any CPU = Debug|Any CPU
		Release|Any CPU = Release|Any CPU
	EndGlobalSection
	GlobalSection(ProjectConfigurationPlatforms) = postSolution
		{EC5868F3-8552-4911-B257-E351FAA3B097}.Debug|Any CPU.ActiveCfg = Debug|Any CPU
		{EC5868F3-8552-4911-B257-E351FAA3B097}.Debug|Any CPU.Build.0 = Debug|Any CPU
		{EC5868F3-8552-4911-B257-E351FAA3B097}.Release|Any CPU.ActiveCfg = Release|Any CPU
		{EC5868F3-8552-4911-B257-E351FAA3B097}.Release|Any CPU.Build.0 = Release|Any CPU
	EndGlobalSection
	GlobalSection(SolutionProperties) = preSolution
		HideSolutionNode = FALSE
	EndGlobalSection
EndGlobal
