
Microsoft Visual Studio Solution File, Format Version 12.00
# Visual Studio 2012
Project("{F184B08F-C81C-45F6-A57F-5ABD9991F28F}") = "MeasureStepResponse", "MeasureStepResponse.vbproj", "{DE019274-F6F6-44C1-B314-1350D4FC1FAF}"
EndProject
Global
	GlobalSection(SolutionConfigurationPlatforms) = preSolution
		Debug|Any CPU = Debug|Any CPU
		Release|Any CPU = Release|Any CPU
	EndGlobalSection
	GlobalSection(ProjectConfigurationPlatforms) = postSolution
		{DE019274-F6F6-44C1-B314-1350D4FC1FAF}.Debug|Any CPU.ActiveCfg = Debug|Any CPU
		{DE019274-F6F6-44C1-B314-1350D4FC1FAF}.Debug|Any CPU.Build.0 = Debug|Any CPU
		{DE019274-F6F6-44C1-B314-1350D4FC1FAF}.Release|Any CPU.ActiveCfg = Release|Any CPU
		{DE019274-F6F6-44C1-B314-1350D4FC1FAF}.Release|Any CPU.Build.0 = Release|Any CPU
	EndGlobalSection
	GlobalSection(SolutionProperties) = preSolution
		HideSolutionNode = FALSE
	EndGlobalSection
EndGlobal
