
Microsoft Visual Studio Solution File, Format Version 11.00
# Visual Studio 2010
Project("{FAE04EC0-301F-11D3-BF4B-00C04F79EFBC}") = "RFmxSpecAnTxpWithSignalAndResultName.2010", "RFmxSpecAnTxpWithSignalAndResultName.2010.csproj", "{D9CB155B-72A6-45C5-B0D6-D9B9A8F6F52E}"
EndProject
Global
	GlobalSection(SolutionConfigurationPlatforms) = preSolution
		Debug|Any CPU = Debug|Any CPU
		Debug|x64 = Debug|x64
		Release|Any CPU = Release|Any CPU
		Release|x64 = Release|x64
	EndGlobalSection
	GlobalSection(ProjectConfigurationPlatforms) = postSolution
		{D9CB155B-72A6-45C5-B0D6-D9B9A8F6F52E}.Debug|Any CPU.ActiveCfg = Debug|Any CPU
		{D9CB155B-72A6-45C5-B0D6-D9B9A8F6F52E}.Debug|Any CPU.Build.0 = Debug|Any CPU
		{D9CB155B-72A6-45C5-B0D6-D9B9A8F6F52E}.Debug|x64.ActiveCfg = Debug|x64
		{D9CB155B-72A6-45C5-B0D6-D9B9A8F6F52E}.Debug|x64.Build.0 = Debug|x64
		{D9CB155B-72A6-45C5-B0D6-D9B9A8F6F52E}.Release|Any CPU.ActiveCfg = Release|Any CPU
		{D9CB155B-72A6-45C5-B0D6-D9B9A8F6F52E}.Release|Any CPU.Build.0 = Release|Any CPU
		{D9CB155B-72A6-45C5-B0D6-D9B9A8F6F52E}.Release|x64.ActiveCfg = Release|x64
		{D9CB155B-72A6-45C5-B0D6-D9B9A8F6F52E}.Release|x64.Build.0 = Release|x64
	EndGlobalSection
	GlobalSection(SolutionProperties) = preSolution
		HideSolutionNode = FALSE
	EndGlobalSection
EndGlobal
