
Microsoft Visual Studio Solution File, Format Version 12.00
# Visual Studio 2012
Project("{F184B08F-C81C-45F6-A57F-5ABD9991F28F}") = "MeasureRecord", "MeasureRecord.vbproj", "{18914508-A6F9-4150-A8FA-C99DAB1B9DF6}"
EndProject
Global
	GlobalSection(SolutionConfigurationPlatforms) = preSolution
		Debug|Any CPU = Debug|Any CPU
		Release|Any CPU = Release|Any CPU
	EndGlobalSection
	GlobalSection(ProjectConfigurationPlatforms) = postSolution
		{18914508-A6F9-4150-A8FA-C99DAB1B9DF6}.Debug|Any CPU.ActiveCfg = Debug|Any CPU
		{18914508-A6F9-4150-A8FA-C99DAB1B9DF6}.Debug|Any CPU.Build.0 = Debug|Any CPU
		{18914508-A6F9-4150-A8FA-C99DAB1B9DF6}.Release|Any CPU.ActiveCfg = Release|Any CPU
		{18914508-A6F9-4150-A8FA-C99DAB1B9DF6}.Release|Any CPU.Build.0 = Release|Any CPU
	EndGlobalSection
	GlobalSection(SolutionProperties) = preSolution
		HideSolutionNode = FALSE
	EndGlobalSection
EndGlobal
