
Microsoft Visual Studio Solution File, Format Version 11.00
# Visual Studio 2010
Project("{FAE04EC0-301F-11D3-BF4B-00C04F79EFBC}") = "NIDigital.MultiInstrumentMatchFailCombination", "NIDigital.MultiInstrumentMatchFailCombination.csproj", "{CC65E9F8-9184-4CE1-A207-3DA8F2CC15EB}"
EndProject
Global
	GlobalSection(SolutionConfigurationPlatforms) = preSolution
		Debug|x64 = Debug|x64
		Debug|x86 = Debug|x86
		Release|x64 = Release|x64
		Release|x86 = Release|x86
	EndGlobalSection
	GlobalSection(ProjectConfigurationPlatforms) = postSolution
		{CC65E9F8-9184-4CE1-A207-3DA8F2CC15EB}.Debug|x64.ActiveCfg = Debug|x64
		{CC65E9F8-9184-4CE1-A207-3DA8F2CC15EB}.Debug|x64.Build.0 = Debug|x64
		{CC65E9F8-9184-4CE1-A207-3DA8F2CC15EB}.Debug|x86.ActiveCfg = Debug|x86
		{CC65E9F8-9184-4CE1-A207-3DA8F2CC15EB}.Debug|x86.Build.0 = Debug|x86
		{CC65E9F8-9184-4CE1-A207-3DA8F2CC15EB}.Release|x64.ActiveCfg = Release|x64
		{CC65E9F8-9184-4CE1-A207-3DA8F2CC15EB}.Release|x64.Build.0 = Release|x64
		{CC65E9F8-9184-4CE1-A207-3DA8F2CC15EB}.Release|x86.ActiveCfg = Release|x86
		{CC65E9F8-9184-4CE1-A207-3DA8F2CC15EB}.Release|x86.Build.0 = Release|x86
	EndGlobalSection
	GlobalSection(SolutionProperties) = preSolution
		HideSolutionNode = FALSE
	EndGlobalSection
EndGlobal
