Microsoft Visual Studio Solution File, Format Version 12.00
# Visual Studio 2012
Project("{FAE04EC0-301F-11D3-BF4B-00C04F79EFBC}") = "StartTrigger-HardwareSource.2012", "StartTrigger-HardwareSource.2012.csproj", "{0E1D9AB2-1634-4985-8089-297836D77DDE}"
EndProject
Global
	GlobalSection(SolutionConfigurationPlatforms) = preSolution
		Debug|Any CPU = Debug|Any CPU
		Release|Any CPU = Release|Any CPU
	EndGlobalSection
	GlobalSection(ProjectConfigurationPlatforms) = postSolution
		{0E1D9AB2-1634-4985-8089-297836D77DDE}.Debug|Any CPU.ActiveCfg = Debug|Any CPU
		{0E1D9AB2-1634-4985-8089-297836D77DDE}.Debug|Any CPU.Build.0 = Debug|Any CPU
		{0E1D9AB2-1634-4985-8089-297836D77DDE}.Release|Any CPU.ActiveCfg = Release|Any CPU
		{0E1D9AB2-1634-4985-8089-297836D77DDE}.Release|Any CPU.Build.0 = Release|Any CPU
	EndGlobalSection
	GlobalSection(SolutionProperties) = preSolution
		HideSolutionNode = FALSE
	EndGlobalSection
EndGlobal
