
Microsoft Visual Studio Solution File, Format Version 11.00
# Visual Studio 2010
Project("{FAE04EC0-301F-11D3-BF4B-00C04F79EFBC}") = "SequenceMultiChannelSync", "SequenceMultiChannelSync.csproj", "{43111ECC-D1CB-4765-A77B-2290E726EFD1}"
EndProject
Global
	GlobalSection(SolutionConfigurationPlatforms) = preSolution
		Debug|Any CPU = Debug|Any CPU
		Release|Any CPU = Release|Any CPU
	EndGlobalSection
	GlobalSection(ProjectConfigurationPlatforms) = postSolution
		{43111ECC-D1CB-4765-A77B-2290E726EFD1}.Debug|Any CPU.ActiveCfg = Debug|Any CPU
		{43111ECC-D1CB-4765-A77B-2290E726EFD1}.Debug|Any CPU.Build.0 = Debug|Any CPU
		{43111ECC-D1CB-4765-A77B-2290E726EFD1}.Release|Any CPU.ActiveCfg = Release|Any CPU
		{43111ECC-D1CB-4765-A77B-2290E726EFD1}.Release|Any CPU.Build.0 = Release|Any CPU
	EndGlobalSection
	GlobalSection(SolutionProperties) = preSolution
		HideSolutionNode = FALSE
	EndGlobalSection
EndGlobal
