
Microsoft Visual Studio Solution File, Format Version 11.00
# Visual Studio 2010
Project("{FAE04EC0-301F-11D3-BF4B-00C04F79EFBC}") = "SoftwareTimedTwoChannelSweep", "SoftwareTimedTwoChannelSweep.csproj", "{F30DC2CB-C89F-41D8-AB7B-903C0C19BA4A}"
EndProject
Global
	GlobalSection(SolutionConfigurationPlatforms) = preSolution
		Debug|Any CPU = Debug|Any CPU
		Release|Any CPU = Release|Any CPU
	EndGlobalSection
	GlobalSection(ProjectConfigurationPlatforms) = postSolution
		{F30DC2CB-C89F-41D8-AB7B-903C0C19BA4A}.Debug|Any CPU.ActiveCfg = Debug|Any CPU
		{F30DC2CB-C89F-41D8-AB7B-903C0C19BA4A}.Debug|Any CPU.Build.0 = Debug|Any CPU
		{F30DC2CB-C89F-41D8-AB7B-903C0C19BA4A}.Release|Any CPU.ActiveCfg = Release|Any CPU
		{F30DC2CB-C89F-41D8-AB7B-903C0C19BA4A}.Release|Any CPU.Build.0 = Release|Any CPU
	EndGlobalSection
	GlobalSection(SolutionProperties) = preSolution
		HideSolutionNode = FALSE
	EndGlobalSection
EndGlobal
