
Microsoft Visual Studio Solution File, Format Version 11.00
# Visual Studio 2010
Project("{FAE04EC0-301F-11D3-BF4B-00C04F79EFBC}") = "RFmxDemodADemodFMBasic.2010", "RFmxDemodADemodFMBasic.2010.csproj", "{3C64322B-D7ED-41A9-A6D7-C1CE1C015917}"
EndProject
Global
	GlobalSection(SolutionConfigurationPlatforms) = preSolution
		Debug|Any CPU = Debug|Any CPU
		Debug|x64 = Debug|x64
		Release|Any CPU = Release|Any CPU
		Release|x64 = Release|x64
	EndGlobalSection
	GlobalSection(ProjectConfigurationPlatforms) = postSolution
		{3C64322B-D7ED-41A9-A6D7-C1CE1C015917}.Debug|Any CPU.ActiveCfg = Debug|Any CPU
		{3C64322B-D7ED-41A9-A6D7-C1CE1C015917}.Debug|Any CPU.Build.0 = Debug|Any CPU
		{3C64322B-D7ED-41A9-A6D7-C1CE1C015917}.Debug|x64.ActiveCfg = Debug|x64
		{3C64322B-D7ED-41A9-A6D7-C1CE1C015917}.Release|Any CPU.ActiveCfg = Release|Any CPU
		{3C64322B-D7ED-41A9-A6D7-C1CE1C015917}.Release|x64.ActiveCfg = Release|x64
	EndGlobalSection
	GlobalSection(SolutionProperties) = preSolution
		HideSolutionNode = FALSE
	EndGlobalSection
EndGlobal
