Microsoft Visual Studio Solution File, Format Version 11.00
# Visual Studio 2010
Project("{FAE04EC0-301F-11D3-BF4B-00C04F79EFBC}") = "PowerSweep(565xand5673).2010", "PowerSweep(565xand5673).2010.csproj", "{C9B6551D-08E8-4059-BAAB-B6D204250370}"
EndProject
Global
	GlobalSection(SolutionConfigurationPlatforms) = preSolution
		Debug|Any CPU = Debug|Any CPU
		Release|Any CPU = Release|Any CPU
	EndGlobalSection
	GlobalSection(ProjectConfigurationPlatforms) = postSolution
		{C9B6551D-08E8-4059-BAAB-B6D204250370}.Debug|Any CPU.ActiveCfg = Debug|Any CPU
		{C9B6551D-08E8-4059-BAAB-B6D204250370}.Debug|Any CPU.Build.0 = Debug|Any CPU
		{C9B6551D-08E8-4059-BAAB-B6D204250370}.Release|Any CPU.ActiveCfg = Release|Any CPU
		{C9B6551D-08E8-4059-BAAB-B6D204250370}.Release|Any CPU.Build.0 = Release|Any CPU
	EndGlobalSection
	GlobalSection(SolutionProperties) = preSolution
		HideSolutionNode = FALSE
	EndGlobalSection
EndGlobal
