Microsoft Visual Studio Solution File, Format Version 8.00
Project("{FAE04EC0-301F-11D3-BF4B-00C04F79EFBC}") = "ContAcq0_20mACurrentSamples_IntClk", "ContAcq0_20mACurrentSamples_IntClk.csproj", "{77B6894E-7A35-4132-B6E7-CEE458FEAED6}"
	ProjectSection(ProjectDependencies) = postProject
	EndProjectSection
EndProject
Global
	GlobalSection(SolutionConfiguration) = preSolution
		Debug = Debug
		Release = Release
	EndGlobalSection
	GlobalSection(ProjectConfiguration) = postSolution
		{77B6894E-7A35-4132-B6E7-CEE458FEAED6}.Debug.ActiveCfg = Debug|.NET
		{77B6894E-7A35-4132-B6E7-CEE458FEAED6}.Debug.Build.0 = Debug|.NET
		{77B6894E-7A35-4132-B6E7-CEE458FEAED6}.Release.ActiveCfg = Release|.NET
		{77B6894E-7A35-4132-B6E7-CEE458FEAED6}.Release.Build.0 = Release|.NET
	EndGlobalSection
	GlobalSection(ExtensibilityGlobals) = postSolution
	EndGlobalSection
	GlobalSection(ExtensibilityAddIns) = postSolution
	EndGlobalSection
EndGlobal
