Microsoft Visual Studio Solution File, Format Version 12.00
# Visual Studio 2012
Project("{FAE04EC0-301F-11D3-BF4B-00C04F79EFBC}") = "ThermalCorrection.2012", "ThermalCorrection.2012.csproj", "{8AC2CE18-EFB3-499C-9434-D0B4C53ADD21}"
EndProject
Global
	GlobalSection(SolutionConfigurationPlatforms) = preSolution
		Debug|Any CPU = Debug|Any CPU
		Release|Any CPU = Release|Any CPU
	EndGlobalSection
	GlobalSection(ProjectConfigurationPlatforms) = postSolution
		{8AC2CE18-EFB3-499C-9434-D0B4C53ADD21}.Debug|Any CPU.ActiveCfg = Debug|Any CPU
		{8AC2CE18-EFB3-499C-9434-D0B4C53ADD21}.Debug|Any CPU.Build.0 = Debug|Any CPU
		{8AC2CE18-EFB3-499C-9434-D0B4C53ADD21}.Release|Any CPU.ActiveCfg = Release|Any CPU
		{8AC2CE18-EFB3-499C-9434-D0B4C53ADD21}.Release|Any CPU.Build.0 = Release|Any CPU
	EndGlobalSection
	GlobalSection(SolutionProperties) = preSolution
		HideSolutionNode = FALSE
	EndGlobalSection
EndGlobal
