
Microsoft Visual Studio Solution File, Format Version 12.00
# Visual Studio 2012
Project("{F184B08F-C81C-45F6-A57F-5ABD9991F28F}") = "MultipleRecordFetchMoreThanAvailableMemory", "MultipleRecordFetchMoreThanAvailableMemory.vbproj", "{2E985BAE-2146-4DEC-A3EE-D8FCFD9EC46B}"
EndProject
Global
	GlobalSection(SolutionConfigurationPlatforms) = preSolution
		Debug|Any CPU = Debug|Any CPU
		Release|Any CPU = Release|Any CPU
	EndGlobalSection
	GlobalSection(ProjectConfigurationPlatforms) = postSolution
		{2E985BAE-2146-4DEC-A3EE-D8FCFD9EC46B}.Debug|Any CPU.ActiveCfg = Debug|Any CPU
		{2E985BAE-2146-4DEC-A3EE-D8FCFD9EC46B}.Debug|Any CPU.Build.0 = Debug|Any CPU
		{2E985BAE-2146-4DEC-A3EE-D8FCFD9EC46B}.Release|Any CPU.ActiveCfg = Release|Any CPU
		{2E985BAE-2146-4DEC-A3EE-D8FCFD9EC46B}.Release|Any CPU.Build.0 = Release|Any CPU
	EndGlobalSection
	GlobalSection(SolutionProperties) = preSolution
		HideSolutionNode = FALSE
	EndGlobalSection
EndGlobal
