Microsoft Visual Studio Solution File, Format Version 12.00
# Visual Studio 2012
Project("{FAE04EC0-301F-11D3-BF4B-00C04F79EFBC}") = "PowerSweep.2012", "PowerSweep.2012.csproj", "{26F97C2B-E71F-4A75-BEF8-0315A4A978DE}"
EndProject
Global
	GlobalSection(SolutionConfigurationPlatforms) = preSolution
		Debug|Any CPU = Debug|Any CPU
		Release|Any CPU = Release|Any CPU
	EndGlobalSection
	GlobalSection(ProjectConfigurationPlatforms) = postSolution
		{26F97C2B-E71F-4A75-BEF8-0315A4A978DE}.Debug|Any CPU.ActiveCfg = Debug|Any CPU
		{26F97C2B-E71F-4A75-BEF8-0315A4A978DE}.Debug|Any CPU.Build.0 = Debug|Any CPU
		{26F97C2B-E71F-4A75-BEF8-0315A4A978DE}.Release|Any CPU.ActiveCfg = Release|Any CPU
		{26F97C2B-E71F-4A75-BEF8-0315A4A978DE}.Release|Any CPU.Build.0 = Release|Any CPU
	EndGlobalSection
	GlobalSection(SolutionProperties) = preSolution
		HideSolutionNode = FALSE
	EndGlobalSection
EndGlobal
