
Microsoft Visual Studio Solution File, Format Version 11.00
# Visual Studio 2010
Project("{F184B08F-C81C-45F6-A57F-5ABD9991F28F}") = "RFmxDemodDDemodMskBasic.2010", "RFmxDemodDDemodMskBasic.2010.vbproj", "{13A66747-DEE4-4458-A346-3DFB2B0D410C}"
EndProject
Global
	GlobalSection(SolutionConfigurationPlatforms) = preSolution
		Debug|Any CPU = Debug|Any CPU
		Debug|x64 = Debug|x64
		Release|Any CPU = Release|Any CPU
		Release|x64 = Release|x64
	EndGlobalSection
	GlobalSection(ProjectConfigurationPlatforms) = postSolution
		{13A66747-DEE4-4458-A346-3DFB2B0D410C}.Debug|Any CPU.ActiveCfg = Debug|Any CPU
		{13A66747-DEE4-4458-A346-3DFB2B0D410C}.Debug|Any CPU.Build.0 = Debug|Any CPU
		{13A66747-DEE4-4458-A346-3DFB2B0D410C}.Debug|x64.ActiveCfg = Debug|x64
		{13A66747-DEE4-4458-A346-3DFB2B0D410C}.Debug|x64.Build.0 = Debug|x64
		{13A66747-DEE4-4458-A346-3DFB2B0D410C}.Release|Any CPU.ActiveCfg = Release|Any CPU
		{13A66747-DEE4-4458-A346-3DFB2B0D410C}.Release|Any CPU.Build.0 = Release|Any CPU
		{13A66747-DEE4-4458-A346-3DFB2B0D410C}.Release|x64.ActiveCfg = Release|x64
		{13A66747-DEE4-4458-A346-3DFB2B0D410C}.Release|x64.Build.0 = Release|x64
	EndGlobalSection
	GlobalSection(SolutionProperties) = preSolution
		HideSolutionNode = FALSE
	EndGlobalSection
EndGlobal
