Microsoft Visual Studio Solution File, Format Version 8.00
Project("{FAE04EC0-301F-11D3-BF4B-00C04F79EFBC}") = "ContGenCurrentUpdatesWfm_IntClk", "ContGenCurrentUpdatesWfm_IntClk.csproj", "{AEBF2632-3491-4F89-840A-F2284B594833}"
	ProjectSection(ProjectDependencies) = postProject
	EndProjectSection
EndProject
Global
	GlobalSection(SolutionConfiguration) = preSolution
		Debug = Debug
		Release = Release
	EndGlobalSection
	GlobalSection(ProjectConfiguration) = postSolution
		{AEBF2632-3491-4F89-840A-F2284B594833}.Debug.ActiveCfg = Debug|.NET
		{AEBF2632-3491-4F89-840A-F2284B594833}.Debug.Build.0 = Debug|.NET
		{AEBF2632-3491-4F89-840A-F2284B594833}.Release.ActiveCfg = Release|.NET
		{AEBF2632-3491-4F89-840A-F2284B594833}.Release.Build.0 = Release|.NET
	EndGlobalSection
	GlobalSection(ExtensibilityGlobals) = postSolution
	EndGlobalSection
	GlobalSection(ExtensibilityAddIns) = postSolution
	EndGlobalSection
EndGlobal
