Microsoft Visual Studio Solution File, Format Version 12.00
# Visual Studio 2012
Project("{F184B08F-C81C-45F6-A57F-5ABD9991F28F}") = "FrequencyAndPowerSweep(ScriptTriggered).2012", "FrequencyAndPowerSweep(ScriptTriggered).2012.vbproj", "{C0FCC2F9-7F9B-4953-81F5-96FAE113C925}"
EndProject
Global
	GlobalSection(SolutionConfigurationPlatforms) = preSolution
		Debug|Any CPU = Debug|Any CPU
		Release|Any CPU = Release|Any CPU
	EndGlobalSection
	GlobalSection(ProjectConfigurationPlatforms) = postSolution
		{C0FCC2F9-7F9B-4953-81F5-96FAE113C925}.Debug|Any CPU.ActiveCfg = Debug|Any CPU
		{C0FCC2F9-7F9B-4953-81F5-96FAE113C925}.Debug|Any CPU.Build.0 = Debug|Any CPU
		{C0FCC2F9-7F9B-4953-81F5-96FAE113C925}.Release|Any CPU.ActiveCfg = Release|Any CPU
		{C0FCC2F9-7F9B-4953-81F5-96FAE113C925}.Release|Any CPU.Build.0 = Release|Any CPU
	EndGlobalSection
	GlobalSection(SolutionProperties) = preSolution
		HideSolutionNode = FALSE
	EndGlobalSection
EndGlobal
