
Microsoft Visual Studio Solution File, Format Version 11.00
# Visual Studio 2010
Project("{FAE04EC0-301F-11D3-BF4B-00C04F79EFBC}") = "RFmxSpecAnCcdfBasic.2010", "RFmxSpecAnCcdfBasic.2010.csproj", "{3041A99B-E850-44A0-B5C7-183F83B444E3}"
EndProject
Global
	GlobalSection(SolutionConfigurationPlatforms) = preSolution
		Debug|Any CPU = Debug|Any CPU
		Debug|x64 = Debug|x64
		Release|Any CPU = Release|Any CPU
		Release|x64 = Release|x64
	EndGlobalSection
	GlobalSection(ProjectConfigurationPlatforms) = postSolution
		{3041A99B-E850-44A0-B5C7-183F83B444E3}.Debug|Any CPU.ActiveCfg = Debug|Any CPU
		{3041A99B-E850-44A0-B5C7-183F83B444E3}.Debug|Any CPU.Build.0 = Debug|Any CPU
		{3041A99B-E850-44A0-B5C7-183F83B444E3}.Debug|x64.ActiveCfg = Debug|x64
		{3041A99B-E850-44A0-B5C7-183F83B444E3}.Debug|x64.Build.0 = Debug|x64
		{3041A99B-E850-44A0-B5C7-183F83B444E3}.Release|Any CPU.ActiveCfg = Release|Any CPU
		{3041A99B-E850-44A0-B5C7-183F83B444E3}.Release|Any CPU.Build.0 = Release|Any CPU
		{3041A99B-E850-44A0-B5C7-183F83B444E3}.Release|x64.ActiveCfg = Release|x64
		{3041A99B-E850-44A0-B5C7-183F83B444E3}.Release|x64.Build.0 = Release|x64
	EndGlobalSection
	GlobalSection(SolutionProperties) = preSolution
		HideSolutionNode = FALSE
	EndGlobalSection
EndGlobal
