
Microsoft Visual Studio Solution File, Format Version 12.00
# Visual Studio 15
VisualStudioVersion = 15.0.28307.705
MinimumVisualStudioVersion = 10.0.40219.1
Project("{FAE04EC0-301F-11D3-BF4B-00C04F79EFBC}") = "NIDigital.HistoryRAMStreaming", "NIDigital.HistoryRAMStreaming.csproj", "{FA47995B-D435-496D-9527-EFE444E72412}"
EndProject
Global
	GlobalSection(SolutionConfigurationPlatforms) = preSolution
		Debug|Any CPU = Debug|Any CPU
		Release|Any CPU = Release|Any CPU
	EndGlobalSection
	GlobalSection(ProjectConfigurationPlatforms) = postSolution
		{FA47995B-D435-496D-9527-EFE444E72412}.Debug|Any CPU.ActiveCfg = Debug|Any CPU
		{FA47995B-D435-496D-9527-EFE444E72412}.Debug|Any CPU.Build.0 = Debug|Any CPU
		{FA47995B-D435-496D-9527-EFE444E72412}.Release|Any CPU.ActiveCfg = Release|Any CPU
		{FA47995B-D435-496D-9527-EFE444E72412}.Release|Any CPU.Build.0 = Release|Any CPU
	EndGlobalSection
	GlobalSection(SolutionProperties) = preSolution
		HideSolutionNode = FALSE
	EndGlobalSection
	GlobalSection(ExtensibilityGlobals) = postSolution
		SolutionGuid = {AB758DB8-372A-4A2F-A093-CF1408F7D903}
	EndGlobalSection
EndGlobal
