Microsoft Visual Studio Solution File, Format Version 8.00
Project("{FAE04EC0-301F-11D3-BF4B-00C04F79EFBC}") = "PWMCounterOutput", "PWMCounterOutput.csproj", "{3180D127-EF49-47ED-BC70-FC9761F20AAC}"
	ProjectSection(ProjectDependencies) = postProject
	EndProjectSection
EndProject
Global
	GlobalSection(SolutionConfiguration) = preSolution
		Debug = Debug
		Release = Release
	EndGlobalSection
	GlobalSection(ProjectConfiguration) = postSolution
		{3180D127-EF49-47ED-BC70-FC9761F20AAC}.Debug.ActiveCfg = Debug|.NET
		{3180D127-EF49-47ED-BC70-FC9761F20AAC}.Debug.Build.0 = Debug|.NET
		{3180D127-EF49-47ED-BC70-FC9761F20AAC}.Release.ActiveCfg = Release|.NET
		{3180D127-EF49-47ED-BC70-FC9761F20AAC}.Release.Build.0 = Release|.NET
	EndGlobalSection
	GlobalSection(ExtensibilityGlobals) = postSolution
	EndGlobalSection
	GlobalSection(ExtensibilityAddIns) = postSolution
	EndGlobalSection
EndGlobal
