Microsoft Visual Studio Solution File, Format Version 8.00
Project("{F184B08F-C81C-45F6-A57F-5ABD9991F28F}") = "MeasDigFreqBuffCont_LargeRange2Ctr", "MeasDigFreqBuffCont_LargeRange2Ctr.vbproj", "{1EE05F33-E7C6-43D5-9802-82D24498D7C0}"
	ProjectSection(ProjectDependencies) = postProject
	EndProjectSection
EndProject
Global
	GlobalSection(SolutionConfiguration) = preSolution
		Debug = Debug
		Release = Release
	EndGlobalSection
	GlobalSection(ProjectConfiguration) = postSolution
		{1EE05F33-E7C6-43D5-9802-82D24498D7C0}.Debug.ActiveCfg = Debug|.NET
		{1EE05F33-E7C6-43D5-9802-82D24498D7C0}.Debug.Build.0 = Debug|.NET
		{1EE05F33-E7C6-43D5-9802-82D24498D7C0}.Release.ActiveCfg = Release|.NET
		{1EE05F33-E7C6-43D5-9802-82D24498D7C0}.Release.Build.0 = Release|.NET
	EndGlobalSection
	GlobalSection(ExtensibilityGlobals) = postSolution
	EndGlobalSection
	GlobalSection(ExtensibilityAddIns) = postSolution
	EndGlobalSection
EndGlobal
