Microsoft Visual Studio Solution File, Format Version 11.00
# Visual Studio 2010
Project("{F184B08F-C81C-45F6-A57F-5ABD9991F28F}") = "565xDigitalModulation.2010", "565xDigitalModulation.2010.vbproj", "{8D2D1721-0692-42D5-8710-E1EF13CC17E1}"
EndProject
Global
	GlobalSection(SolutionConfigurationPlatforms) = preSolution
		Debug|Any CPU = Debug|Any CPU
		Release|Any CPU = Release|Any CPU
	EndGlobalSection
	GlobalSection(ProjectConfigurationPlatforms) = postSolution
		{8D2D1721-0692-42D5-8710-E1EF13CC17E1}.Debug|Any CPU.ActiveCfg = Release|Any CPU
		{8D2D1721-0692-42D5-8710-E1EF13CC17E1}.Debug|Any CPU.Build.0 = Release|Any CPU
		{8D2D1721-0692-42D5-8710-E1EF13CC17E1}.Release|Any CPU.ActiveCfg = Release|Any CPU
		{8D2D1721-0692-42D5-8710-E1EF13CC17E1}.Release|Any CPU.Build.0 = Release|Any CPU
	EndGlobalSection
	GlobalSection(SolutionProperties) = preSolution
		HideSolutionNode = FALSE
	EndGlobalSection
EndGlobal
