
Microsoft Visual Studio Solution File, Format Version 11.00
# Visual Studio 2010
Project("{FAE04EC0-301F-11D3-BF4B-00C04F79EFBC}") = "HardwareTimedSinglePoint", "HardwareTimedSinglePoint.csproj", "{BB3964B8-9764-4131-8D62-F34BB22B40D5}"
EndProject
Global
	GlobalSection(SolutionConfigurationPlatforms) = preSolution
		Debug|Any CPU = Debug|Any CPU
		Release|Any CPU = Release|Any CPU
	EndGlobalSection
	GlobalSection(ProjectConfigurationPlatforms) = postSolution
		{BB3964B8-9764-4131-8D62-F34BB22B40D5}.Debug|Any CPU.ActiveCfg = Debug|Any CPU
		{BB3964B8-9764-4131-8D62-F34BB22B40D5}.Debug|Any CPU.Build.0 = Debug|Any CPU
		{BB3964B8-9764-4131-8D62-F34BB22B40D5}.Release|Any CPU.ActiveCfg = Release|Any CPU
		{BB3964B8-9764-4131-8D62-F34BB22B40D5}.Release|Any CPU.Build.0 = Release|Any CPU
	EndGlobalSection
	GlobalSection(SolutionProperties) = preSolution
		HideSolutionNode = FALSE
	EndGlobalSection
EndGlobal
