Microsoft Visual Studio Solution File, Format Version 8.00
Project("{F184B08F-C81C-45F6-A57F-5ABD9991F28F}") = "ContAcqVoltageSmps_IntClk_PauseTrigger", "ContAcqVoltageSmps_IntClk_PauseTrigger.vbproj", "{2DD1DB90-790C-494A-8B49-52A6124F2EBC}"
	ProjectSection(ProjectDependencies) = postProject
	EndProjectSection
EndProject
Global
	GlobalSection(SolutionConfiguration) = preSolution
		Debug = Debug
		Release = Release
	EndGlobalSection
	GlobalSection(ProjectConfiguration) = postSolution
		{2DD1DB90-790C-494A-8B49-52A6124F2EBC}.Debug.ActiveCfg = Debug|.NET
		{2DD1DB90-790C-494A-8B49-52A6124F2EBC}.Debug.Build.0 = Debug|.NET
		{2DD1DB90-790C-494A-8B49-52A6124F2EBC}.Release.ActiveCfg = Release|.NET
		{2DD1DB90-790C-494A-8B49-52A6124F2EBC}.Release.Build.0 = Release|.NET
	EndGlobalSection
	GlobalSection(ExtensibilityGlobals) = postSolution
	EndGlobalSection
	GlobalSection(ExtensibilityAddIns) = postSolution
	EndGlobalSection
EndGlobal
