
Microsoft Visual Studio Solution File, Format Version 12.00
# Visual Studio 15
VisualStudioVersion = 15.0.27703.2018
MinimumVisualStudioVersion = 10.0.40219.1
Project("{FAE04EC0-301F-11D3-BF4B-00C04F79EFBC}") = "NIDigital.LogHistoryRAMResultsToFile", "NIDigital.LogHistoryRAMResultsToFile.csproj", "{B7092778-AAE5-4767-85A5-99E5A5B54E6B}"
EndProject
Global
	GlobalSection(SolutionConfigurationPlatforms) = preSolution
		Debug|Any CPU = Debug|Any CPU
		Release|Any CPU = Release|Any CPU
	EndGlobalSection
	GlobalSection(ProjectConfigurationPlatforms) = postSolution
		{B7092778-AAE5-4767-85A5-99E5A5B54E6B}.Debug|Any CPU.ActiveCfg = Debug|Any CPU
		{B7092778-AAE5-4767-85A5-99E5A5B54E6B}.Debug|Any CPU.Build.0 = Debug|Any CPU
		{B7092778-AAE5-4767-85A5-99E5A5B54E6B}.Release|Any CPU.ActiveCfg = Release|Any CPU
		{B7092778-AAE5-4767-85A5-99E5A5B54E6B}.Release|Any CPU.Build.0 = Release|Any CPU
	EndGlobalSection
	GlobalSection(SolutionProperties) = preSolution
		HideSolutionNode = FALSE
	EndGlobalSection
	GlobalSection(ExtensibilityGlobals) = postSolution
		SolutionGuid = {DCA46B76-8148-435D-9904-8C980A3A8C9B}
	EndGlobalSection
EndGlobal
