
Microsoft Visual Studio Solution File, Format Version 11.00
# Visual Studio 2010
Project("{FAE04EC0-301F-11D3-BF4B-00C04F79EFBC}") = "80211nacGenerateWaveform(MultipleRFSG).2010", "80211nacGenerateWaveform(MultipleRFSG).2010.csproj", "{60ECF1BF-4F36-4764-A32E-A5454BCA2AC3}"
EndProject
Global
	GlobalSection(SolutionConfigurationPlatforms) = preSolution
		Debug|Any CPU = Debug|Any CPU
		Debug|x64 = Debug|x64
		Release|Any CPU = Release|Any CPU
		Release|x64 = Release|x64
	EndGlobalSection
	GlobalSection(ProjectConfigurationPlatforms) = postSolution
		{60ECF1BF-4F36-4764-A32E-A5454BCA2AC3}.Debug|Any CPU.ActiveCfg = Debug|Any CPU
		{60ECF1BF-4F36-4764-A32E-A5454BCA2AC3}.Debug|Any CPU.Build.0 = Debug|Any CPU
		{60ECF1BF-4F36-4764-A32E-A5454BCA2AC3}.Debug|x64.ActiveCfg = Debug|x64
		{60ECF1BF-4F36-4764-A32E-A5454BCA2AC3}.Debug|x64.Build.0 = Debug|x64
		{60ECF1BF-4F36-4764-A32E-A5454BCA2AC3}.Release|Any CPU.ActiveCfg = Release|Any CPU
		{60ECF1BF-4F36-4764-A32E-A5454BCA2AC3}.Release|Any CPU.Build.0 = Release|Any CPU
		{60ECF1BF-4F36-4764-A32E-A5454BCA2AC3}.Release|x64.ActiveCfg = Release|x64
		{60ECF1BF-4F36-4764-A32E-A5454BCA2AC3}.Release|x64.Build.0 = Release|x64
	EndGlobalSection
	GlobalSection(SolutionProperties) = preSolution
		HideSolutionNode = FALSE
	EndGlobalSection
EndGlobal
