Microsoft Visual Studio Solution File, Format Version 12.00
# Visual Studio 2012
Project("{FAE04EC0-301F-11D3-BF4B-00C04F79EFBC}") = "565xAnalogModulation.2012", "565xAnalogModulation.2012.csproj", "{9FB8331C-937C-49A0-9061-CEDB5BF323FE}"
EndProject
Global
	GlobalSection(SolutionConfigurationPlatforms) = preSolution
		Debug|Any CPU = Debug|Any CPU
		Release|Any CPU = Release|Any CPU
	EndGlobalSection
	GlobalSection(ProjectConfigurationPlatforms) = postSolution
		{9FB8331C-937C-49A0-9061-CEDB5BF323FE}.Debug|Any CPU.ActiveCfg = Debug|Any CPU
		{9FB8331C-937C-49A0-9061-CEDB5BF323FE}.Debug|Any CPU.Build.0 = Debug|Any CPU
		{9FB8331C-937C-49A0-9061-CEDB5BF323FE}.Release|Any CPU.ActiveCfg = Release|Any CPU
		{9FB8331C-937C-49A0-9061-CEDB5BF323FE}.Release|Any CPU.Build.0 = Release|Any CPU
	EndGlobalSection
	GlobalSection(SolutionProperties) = preSolution
		HideSolutionNode = FALSE
	EndGlobalSection
EndGlobal
