
Microsoft Visual Studio Solution File, Format Version 11.00
# Visual Studio 2010
Project("{F184B08F-C81C-45F6-A57F-5ABD9991F28F}") = "RFmxTdscdmaPvt.2010", "RFmxTdscdmaPvt.2010.vbproj", "{2A99236A-8AF3-427F-995E-4B190A9E9918}"
EndProject
Global
	GlobalSection(SolutionConfigurationPlatforms) = preSolution
		Debug|Any CPU = Debug|Any CPU
		Debug|x64 = Debug|x64
		Release|Any CPU = Release|Any CPU
		Release|x64 = Release|x64
	EndGlobalSection
	GlobalSection(ProjectConfigurationPlatforms) = postSolution
		{2A99236A-8AF3-427F-995E-4B190A9E9918}.Debug|Any CPU.ActiveCfg = Debug|x64
		{2A99236A-8AF3-427F-995E-4B190A9E9918}.Debug|Any CPU.Build.0 = Debug|x64
		{2A99236A-8AF3-427F-995E-4B190A9E9918}.Debug|x64.ActiveCfg = Debug|x64
		{2A99236A-8AF3-427F-995E-4B190A9E9918}.Debug|x64.Build.0 = Debug|x64
		{2A99236A-8AF3-427F-995E-4B190A9E9918}.Release|Any CPU.ActiveCfg = Release|Any CPU
		{2A99236A-8AF3-427F-995E-4B190A9E9918}.Release|Any CPU.Build.0 = Release|Any CPU
		{2A99236A-8AF3-427F-995E-4B190A9E9918}.Release|x64.ActiveCfg = Release|x64
		{2A99236A-8AF3-427F-995E-4B190A9E9918}.Release|x64.Build.0 = Release|x64
	EndGlobalSection
	GlobalSection(SolutionProperties) = preSolution
		HideSolutionNode = FALSE
	EndGlobalSection
EndGlobal
