
Microsoft Visual Studio Solution File, Format Version 11.00
# Visual Studio 2010
Project("{F184B08F-C81C-45F6-A57F-5ABD9991F28F}") = "RFmxLteNBIoTDLModAccUserDefined.2010", "RFmxLteNBIoTDLModAccUserDefined.2010.vbproj", "{597C7D8C-7E7A-4FA4-AC07-B963F038C4BB}"
EndProject
Global
	GlobalSection(SolutionConfigurationPlatforms) = preSolution
		Debug|Any CPU = Debug|Any CPU
		Debug|x64 = Debug|x64
		Release|Any CPU = Release|Any CPU
		Release|x64 = Release|x64
	EndGlobalSection
	GlobalSection(ProjectConfigurationPlatforms) = postSolution
		{597C7D8C-7E7A-4FA4-AC07-B963F038C4BB}.Debug|Any CPU.ActiveCfg = Debug|Any CPU
		{597C7D8C-7E7A-4FA4-AC07-B963F038C4BB}.Debug|Any CPU.Build.0 = Debug|Any CPU
		{597C7D8C-7E7A-4FA4-AC07-B963F038C4BB}.Debug|x64.ActiveCfg = Debug|x64
		{597C7D8C-7E7A-4FA4-AC07-B963F038C4BB}.Debug|x64.Build.0 = Debug|x64
		{597C7D8C-7E7A-4FA4-AC07-B963F038C4BB}.Release|Any CPU.ActiveCfg = Release|Any CPU
		{597C7D8C-7E7A-4FA4-AC07-B963F038C4BB}.Release|Any CPU.Build.0 = Release|Any CPU
		{597C7D8C-7E7A-4FA4-AC07-B963F038C4BB}.Release|x64.ActiveCfg = Release|x64
		{597C7D8C-7E7A-4FA4-AC07-B963F038C4BB}.Release|x64.Build.0 = Release|x64
	EndGlobalSection
	GlobalSection(SolutionProperties) = preSolution
		HideSolutionNode = FALSE
	EndGlobalSection
EndGlobal
