
Microsoft Visual Studio Solution File, Format Version 11.00
# Visual Studio 2010
Project("{F184B08F-C81C-45F6-A57F-5ABD9991F28F}") = "RFmxLteListModeWithSGSAHandshaking.2010", "RFmxLteListModeWithSGSAHandshaking.2010.vbproj", "{9FB26FFA-3D13-4790-8534-D2F1858A4B4E}"
EndProject
Global
	GlobalSection(SolutionConfigurationPlatforms) = preSolution
		Debug|Any CPU = Debug|Any CPU
		Debug|x64 = Debug|x64
		Release|Any CPU = Release|Any CPU
		Release|x64 = Release|x64
	EndGlobalSection
	GlobalSection(ProjectConfigurationPlatforms) = postSolution
		{48B496E4-1F38-45C7-87E6-F363F6E9C252}.Debug|Any CPU.ActiveCfg = Debug|Any CPU
		{48B496E4-1F38-45C7-87E6-F363F6E9C252}.Debug|Any CPU.Build.0 = Debug|Any CPU
		{48B496E4-1F38-45C7-87E6-F363F6E9C252}.Debug|x64.ActiveCfg = Debug|x64
		{48B496E4-1F38-45C7-87E6-F363F6E9C252}.Debug|x64.Build.0 = Debug|x64
		{48B496E4-1F38-45C7-87E6-F363F6E9C252}.Release|Any CPU.ActiveCfg = Release|Any CPU
		{48B496E4-1F38-45C7-87E6-F363F6E9C252}.Release|Any CPU.Build.0 = Release|Any CPU
		{48B496E4-1F38-45C7-87E6-F363F6E9C252}.Release|x64.ActiveCfg = Release|x64
		{48B496E4-1F38-45C7-87E6-F363F6E9C252}.Release|x64.Build.0 = Release|x64
	EndGlobalSection
	GlobalSection(SolutionProperties) = preSolution
		HideSolutionNode = FALSE
	EndGlobalSection
EndGlobal
