
Microsoft Visual Studio Solution File, Format Version 12.00
# Visual Studio 2012
Project("{FAE04EC0-301F-11D3-BF4B-00C04F79EFBC}") = "GenerateMultiDeviceInterleavedScanlistPXI2584", "GenerateMultiDeviceInterleavedScanlistPXI2584.csproj", "{92B144A8-F00A-43C6-9D85-1FCEF0585102}"
EndProject
Global
	GlobalSection(SolutionConfigurationPlatforms) = preSolution
		Debug|Any CPU = Debug|Any CPU
		Release|Any CPU = Release|Any CPU
	EndGlobalSection
	GlobalSection(ProjectConfigurationPlatforms) = postSolution
		{92B144A8-F00A-43C6-9D85-1FCEF0585102}.Debug|Any CPU.ActiveCfg = Debug|Any CPU
		{92B144A8-F00A-43C6-9D85-1FCEF0585102}.Debug|Any CPU.Build.0 = Debug|Any CPU
		{92B144A8-F00A-43C6-9D85-1FCEF0585102}.Release|Any CPU.ActiveCfg = Release|Any CPU
		{92B144A8-F00A-43C6-9D85-1FCEF0585102}.Release|Any CPU.Build.0 = Release|Any CPU
	EndGlobalSection
	GlobalSection(SolutionProperties) = preSolution
		HideSolutionNode = FALSE
	EndGlobalSection
EndGlobal
