Microsoft Visual Studio Solution File, Format Version 12.00
# Visual Studio 2012
Project("{FAE04EC0-301F-11D3-BF4B-00C04F79EFBC}") = "PulsedData.2012", "PulsedData.2012.csproj", "{3955DA57-10E3-4123-AB98-B9A8CFFF958C}"
EndProject
Global
	GlobalSection(SolutionConfigurationPlatforms) = preSolution
		Debug|Any CPU = Debug|Any CPU
		Release|Any CPU = Release|Any CPU
	EndGlobalSection
	GlobalSection(ProjectConfigurationPlatforms) = postSolution
		{3955DA57-10E3-4123-AB98-B9A8CFFF958C}.Debug|Any CPU.ActiveCfg = Debug|Any CPU
		{3955DA57-10E3-4123-AB98-B9A8CFFF958C}.Debug|Any CPU.Build.0 = Debug|Any CPU
		{3955DA57-10E3-4123-AB98-B9A8CFFF958C}.Release|Any CPU.ActiveCfg = Release|Any CPU
		{3955DA57-10E3-4123-AB98-B9A8CFFF958C}.Release|Any CPU.Build.0 = Release|Any CPU
	EndGlobalSection
	GlobalSection(SolutionProperties) = preSolution
		HideSolutionNode = FALSE
	EndGlobalSection
EndGlobal
