Microsoft Visual Studio Solution File, Format Version 12.00
# Visual Studio 2012
Project("{F184B08F-C81C-45F6-A57F-5ABD9991F28F}") = "565xDigitalModulation.2012", "565xDigitalModulation.2012.vbproj", "{28B86A03-D721-4A05-AEA9-1AFCB3D165B0}"
EndProject
Global
	GlobalSection(SolutionConfigurationPlatforms) = preSolution
		Debug|Any CPU = Debug|Any CPU
		Release|Any CPU = Release|Any CPU
	EndGlobalSection
	GlobalSection(ProjectConfigurationPlatforms) = postSolution
		{28B86A03-D721-4A05-AEA9-1AFCB3D165B0}.Debug|Any CPU.ActiveCfg = Debug|Any CPU
		{28B86A03-D721-4A05-AEA9-1AFCB3D165B0}.Debug|Any CPU.Build.0 = Debug|Any CPU
		{28B86A03-D721-4A05-AEA9-1AFCB3D165B0}.Release|Any CPU.ActiveCfg = Release|Any CPU
		{28B86A03-D721-4A05-AEA9-1AFCB3D165B0}.Release|Any CPU.Build.0 = Release|Any CPU
	EndGlobalSection
	GlobalSection(SolutionProperties) = preSolution
		HideSolutionNode = FALSE
	EndGlobalSection
EndGlobal
