Microsoft Visual Studio Solution File, Format Version 12.00
# Visual Studio 2012
Project("{FAE04EC0-301F-11D3-BF4B-00C04F79EFBC}") = "StartTrigger-SoftwareSource.2012", "StartTrigger-SoftwareSource.2012.csproj", "{C21AE073-101C-4616-B3C3-89A338E7026B}"
EndProject
Global
	GlobalSection(SolutionConfigurationPlatforms) = preSolution
		Debug|Any CPU = Debug|Any CPU
		Release|Any CPU = Release|Any CPU
	EndGlobalSection
	GlobalSection(ProjectConfigurationPlatforms) = postSolution
		{C21AE073-101C-4616-B3C3-89A338E7026B}.Debug|Any CPU.ActiveCfg = Debug|Any CPU
		{C21AE073-101C-4616-B3C3-89A338E7026B}.Debug|Any CPU.Build.0 = Debug|Any CPU
		{C21AE073-101C-4616-B3C3-89A338E7026B}.Release|Any CPU.ActiveCfg = Release|Any CPU
		{C21AE073-101C-4616-B3C3-89A338E7026B}.Release|Any CPU.Build.0 = Release|Any CPU
	EndGlobalSection
	GlobalSection(SolutionProperties) = preSolution
		HideSolutionNode = FALSE
	EndGlobalSection
EndGlobal
