Microsoft Visual Studio Solution File, Format Version 12.00
# Visual Studio 2012
Project("{FAE04EC0-301F-11D3-BF4B-00C04F79EFBC}") = "FrequencySweep(565xand5673).2012", "FrequencySweep(565xand5673).2012.csproj", "{E189643B-F6F9-490F-9FDF-3211D9C06D6E}"
EndProject
Global
	GlobalSection(SolutionConfigurationPlatforms) = preSolution
		Debug|Any CPU = Debug|Any CPU
		Release|Any CPU = Release|Any CPU
	EndGlobalSection
	GlobalSection(ProjectConfigurationPlatforms) = postSolution
		{E189643B-F6F9-490F-9FDF-3211D9C06D6E}.Debug|Any CPU.ActiveCfg = Debug|Any CPU
		{E189643B-F6F9-490F-9FDF-3211D9C06D6E}.Debug|Any CPU.Build.0 = Debug|Any CPU
		{E189643B-F6F9-490F-9FDF-3211D9C06D6E}.Release|Any CPU.ActiveCfg = Release|Any CPU
		{E189643B-F6F9-490F-9FDF-3211D9C06D6E}.Release|Any CPU.Build.0 = Release|Any CPU
	EndGlobalSection
	GlobalSection(SolutionProperties) = preSolution
		HideSolutionNode = FALSE
	EndGlobalSection
EndGlobal
