Microsoft Visual Studio Solution File, Format Version 8.00
Project("{F184B08F-C81C-45F6-A57F-5ABD9991F28F}") = "MultiDeviceSync_AIAOShardTimebaseAndTrig_DSA", "MultiDeviceSync_AIAOShardTimebaseAndTrig_DSA.vbproj", "{C0BF96E0-7C78-411E-82CF-DD5F5176C287}"
	ProjectSection(ProjectDependencies) = postProject
	EndProjectSection
EndProject
Global
	GlobalSection(SolutionConfiguration) = preSolution
		Debug = Debug
		Release = Release
	EndGlobalSection
	GlobalSection(ProjectConfiguration) = postSolution
		{C0BF96E0-7C78-411E-82CF-DD5F5176C287}.Debug.ActiveCfg = Debug|.NET
		{C0BF96E0-7C78-411E-82CF-DD5F5176C287}.Debug.Build.0 = Debug|.NET
		{C0BF96E0-7C78-411E-82CF-DD5F5176C287}.Release.ActiveCfg = Release|.NET
		{C0BF96E0-7C78-411E-82CF-DD5F5176C287}.Release.Build.0 = Release|.NET
	EndGlobalSection
	GlobalSection(ExtensibilityGlobals) = postSolution
	EndGlobalSection
	GlobalSection(ExtensibilityAddIns) = postSolution
	EndGlobalSection
EndGlobal
