Microsoft Visual Studio Solution File, Format Version 11.00
# Visual Studio 2010
Project("{FAE04EC0-301F-11D3-BF4B-00C04F79EFBC}") = "ExportStartTrigger.2010", "ExportStartTrigger.2010.csproj", "{FEE579E4-31E5-49A5-B6B9-7FE4A1C28C40}"
EndProject
Global
	GlobalSection(SolutionConfigurationPlatforms) = preSolution
		Debug|Any CPU = Debug|Any CPU
		Release|Any CPU = Release|Any CPU
	EndGlobalSection
	GlobalSection(ProjectConfigurationPlatforms) = postSolution
		{FEE579E4-31E5-49A5-B6B9-7FE4A1C28C40}.Debug|Any CPU.ActiveCfg = Debug|Any CPU
		{FEE579E4-31E5-49A5-B6B9-7FE4A1C28C40}.Debug|Any CPU.Build.0 = Debug|Any CPU
		{FEE579E4-31E5-49A5-B6B9-7FE4A1C28C40}.Release|Any CPU.ActiveCfg = Release|Any CPU
		{FEE579E4-31E5-49A5-B6B9-7FE4A1C28C40}.Release|Any CPU.Build.0 = Release|Any CPU
	EndGlobalSection
	GlobalSection(SolutionProperties) = preSolution
		HideSolutionNode = FALSE
	EndGlobalSection
EndGlobal
