
Microsoft Visual Studio Solution File, Format Version 11.00
# Visual Studio 2010
Project("{F184B08F-C81C-45F6-A57F-5ABD9991F28F}") = "RFmxWcdmaSemMultiCarrier.2010", "RFmxWcdmaSemMultiCarrier.2010.vbproj", "{D344EA12-66CC-4245-B583-4281BC29BF38}"
EndProject
Global
	GlobalSection(SolutionConfigurationPlatforms) = preSolution
		Debug|Any CPU = Debug|Any CPU
		Debug|x64 = Debug|x64
		Release|Any CPU = Release|Any CPU
		Release|x64 = Release|x64
	EndGlobalSection
	GlobalSection(ProjectConfigurationPlatforms) = postSolution
		{D344EA12-66CC-4245-B583-4281BC29BF38}.Debug|Any CPU.ActiveCfg = Debug|Any CPU
		{D344EA12-66CC-4245-B583-4281BC29BF38}.Debug|Any CPU.Build.0 = Debug|Any CPU
		{D344EA12-66CC-4245-B583-4281BC29BF38}.Debug|x64.ActiveCfg = Debug|x64
		{D344EA12-66CC-4245-B583-4281BC29BF38}.Debug|x64.Build.0 = Debug|x64
		{D344EA12-66CC-4245-B583-4281BC29BF38}.Release|Any CPU.ActiveCfg = Release|Any CPU
		{D344EA12-66CC-4245-B583-4281BC29BF38}.Release|Any CPU.Build.0 = Release|Any CPU
		{D344EA12-66CC-4245-B583-4281BC29BF38}.Release|x64.ActiveCfg = Release|x64
		{D344EA12-66CC-4245-B583-4281BC29BF38}.Release|x64.Build.0 = Release|x64
	EndGlobalSection
	GlobalSection(SolutionProperties) = preSolution
		HideSolutionNode = FALSE
	EndGlobalSection
EndGlobal
